// !$*UTF8*$!
{
	archiveVersion = 1;
	classes = {
	};
	objectVersion = 55;
	objects = {

/* Begin PBXBuildFile section */
		8415830D2886AD2C00849140 /* Utility.swift in Sources */ = {isa = PBXBuildFile; fileRef = 8415830C2886AD2B00849140 /* Utility.swift */; };
		846B7096281C341E00986DC1 /* DashBorderExtansionUIView.swift in Sources */ = {isa = PBXBuildFile; fileRef = 846B7095281C341E00986DC1 /* DashBorderExtansionUIView.swift */; };
		84711A7228857CAC00A42A49 /* TodayWeatherModel.swift in Sources */ = {isa = PBXBuildFile; fileRef = 84711A7128857CAC00A42A49 /* TodayWeatherModel.swift */; };
		84711A7428857CC000A42A49 /* TodayWeatherView.swift in Sources */ = {isa = PBXBuildFile; fileRef = 84711A7328857CC000A42A49 /* TodayWeatherView.swift */; };
		84711A7628857CD000A42A49 /* TodayWeatherController.swift in Sources */ = {isa = PBXBuildFile; fileRef = 84711A7528857CD000A42A49 /* TodayWeatherController.swift */; };
		84711A7828857F4C00A42A49 /* ActivityView.swift in Sources */ = {isa = PBXBuildFile; fileRef = 84711A7728857F4C00A42A49 /* ActivityView.swift */; };
		84711A7A2885800A00A42A49 /* AlertLoadingView.xib in Resources */ = {isa = PBXBuildFile; fileRef = 84711A792885800A00A42A49 /* AlertLoadingView.xib */; };
		84711A7C2885808000A42A49 /* ExtensionsUIView.swift in Sources */ = {isa = PBXBuildFile; fileRef = 84711A7B2885808000A42A49 /* ExtensionsUIView.swift */; };
		84945AD6285E296F0027772D /* NetworkManager.swift in Sources */ = {isa = PBXBuildFile; fileRef = 84945AD5285E296F0027772D /* NetworkManager.swift */; };
		8494BB362859BF3A00719CA6 /* ForecastTableViewCell.swift in Sources */ = {isa = PBXBuildFile; fileRef = 8494BB352859BF3A00719CA6 /* ForecastTableViewCell.swift */; };
		8494BB392859C0F900719CA6 /* ModelWeather.swift in Sources */ = {isa = PBXBuildFile; fileRef = 8494BB382859C0F900719CA6 /* ModelWeather.swift */; };
		84D217A4281BD6A000D32F52 /* AppDelegate.swift in Sources */ = {isa = PBXBuildFile; fileRef = 84D217A3281BD6A000D32F52 /* AppDelegate.swift */; };
		84D217A6281BD6A000D32F52 /* SceneDelegate.swift in Sources */ = {isa = PBXBuildFile; fileRef = 84D217A5281BD6A000D32F52 /* SceneDelegate.swift */; };
		84D217AB281BD6A100D32F52 /* Main.storyboard in Resources */ = {isa = PBXBuildFile; fileRef = 84D217A9281BD6A100D32F52 /* Main.storyboard */; };
		84D217AD281BD6A500D32F52 /* Assets.xcassets in Resources */ = {isa = PBXBuildFile; fileRef = 84D217AC281BD6A500D32F52 /* Assets.xcassets */; };
		84D217B0281BD6A500D32F52 /* LaunchScreen.storyboard in Resources */ = {isa = PBXBuildFile; fileRef = 84D217AE281BD6A500D32F52 /* LaunchScreen.storyboard */; };
		84D217BB281BF39700D32F52 /* ForecastVC.swift in Sources */ = {isa = PBXBuildFile; fileRef = 84D217BA281BF39700D32F52 /* ForecastVC.swift */; };
		84E4DACB28888CE000512070 /* ForecastWeatherModel.swift in Sources */ = {isa = PBXBuildFile; fileRef = 84E4DACA28888CE000512070 /* ForecastWeatherModel.swift */; };
		84E4DACD28888D0100512070 /* ForecastWeatherView.swift in Sources */ = {isa = PBXBuildFile; fileRef = 84E4DACC28888D0100512070 /* ForecastWeatherView.swift */; };
		84E4DACF28888D2500512070 /* ForecastWeatherController.swift in Sources */ = {isa = PBXBuildFile; fileRef = 84E4DACE28888D2500512070 /* ForecastWeatherController.swift */; };
/* End PBXBuildFile section */

/* Begin PBXFileReference section */
		8415830C2886AD2B00849140 /* Utility.swift */ = {isa = PBXFileReference; lastKnownFileType = sourcecode.swift; path = Utility.swift; sourceTree = "<group>"; };
		846B7095281C341E00986DC1 /* DashBorderExtansionUIView.swift */ = {isa = PBXFileReference; lastKnownFileType = sourcecode.swift; path = DashBorderExtansionUIView.swift; sourceTree = "<group>"; };
		84711A7128857CAC00A42A49 /* TodayWeatherModel.swift */ = {isa = PBXFileReference; lastKnownFileType = sourcecode.swift; path = TodayWeatherModel.swift; sourceTree = "<group>"; };
		84711A7328857CC000A42A49 /* TodayWeatherView.swift */ = {isa = PBXFileReference; lastKnownFileType = sourcecode.swift; path = TodayWeatherView.swift; sourceTree = "<group>"; };
		84711A7528857CD000A42A49 /* TodayWeatherController.swift */ = {isa = PBXFileReference; lastKnownFileType = sourcecode.swift; path = TodayWeatherController.swift; sourceTree = "<group>"; };
		84711A7728857F4C00A42A49 /* ActivityView.swift */ = {isa = PBXFileReference; lastKnownFileType = sourcecode.swift; path = ActivityView.swift; sourceTree = "<group>"; };
		84711A792885800A00A42A49 /* AlertLoadingView.xib */ = {isa = PBXFileReference; fileEncoding = 4; lastKnownFileType = file.xib; name = AlertLoadingView.xib; path = ../../../../../../../../../Downloads/AlertLoadingView.xib; sourceTree = "<group>"; };
		84711A7B2885808000A42A49 /* ExtensionsUIView.swift */ = {isa = PBXFileReference; lastKnownFileType = sourcecode.swift; path = ExtensionsUIView.swift; sourceTree = "<group>"; };
		84945AD5285E296F0027772D /* NetworkManager.swift */ = {isa = PBXFileReference; lastKnownFileType = sourcecode.swift; path = NetworkManager.swift; sourceTree = "<group>"; };
		8494BB352859BF3A00719CA6 /* ForecastTableViewCell.swift */ = {isa = PBXFileReference; lastKnownFileType = sourcecode.swift; path = ForecastTableViewCell.swift; sourceTree = "<group>"; };
		8494BB382859C0F900719CA6 /* ModelWeather.swift */ = {isa = PBXFileReference; lastKnownFileType = sourcecode.swift; path = ModelWeather.swift; sourceTree = "<group>"; };
		84D217A0281BD6A000D32F52 /* WeatherTestApp.app */ = {isa = PBXFileReference; explicitFileType = wrapper.application; includeInIndex = 0; path = WeatherTestApp.app; sourceTree = BUILT_PRODUCTS_DIR; };
		84D217A3281BD6A000D32F52 /* AppDelegate.swift */ = {isa = PBXFileReference; lastKnownFileType = sourcecode.swift; path = AppDelegate.swift; sourceTree = "<group>"; };
		84D217A5281BD6A000D32F52 /* SceneDelegate.swift */ = {isa = PBXFileReference; lastKnownFileType = sourcecode.swift; path = SceneDelegate.swift; sourceTree = "<group>"; };
		84D217AA281BD6A100D32F52 /* Base */ = {isa = PBXFileReference; lastKnownFileType = file.storyboard; name = Base; path = Base.lproj/Main.storyboard; sourceTree = "<group>"; };
		84D217AC281BD6A500D32F52 /* Assets.xcassets */ = {isa = PBXFileReference; lastKnownFileType = folder.assetcatalog; path = Assets.xcassets; sourceTree = "<group>"; };
		84D217AF281BD6A500D32F52 /* Base */ = {isa = PBXFileReference; lastKnownFileType = file.storyboard; name = Base; path = Base.lproj/LaunchScreen.storyboard; sourceTree = "<group>"; };
		84D217B1281BD6A500D32F52 /* Info.plist */ = {isa = PBXFileReference; lastKnownFileType = text.plist.xml; path = Info.plist; sourceTree = "<group>"; };
		84D217BA281BF39700D32F52 /* ForecastVC.swift */ = {isa = PBXFileReference; lastKnownFileType = sourcecode.swift; path = ForecastVC.swift; sourceTree = "<group>"; };
		84E4DACA28888CE000512070 /* ForecastWeatherModel.swift */ = {isa = PBXFileReference; lastKnownFileType = sourcecode.swift; path = ForecastWeatherModel.swift; sourceTree = "<group>"; };
		84E4DACC28888D0100512070 /* ForecastWeatherView.swift */ = {isa = PBXFileReference; lastKnownFileType = sourcecode.swift; path = ForecastWeatherView.swift; sourceTree = "<group>"; };
		84E4DACE28888D2500512070 /* ForecastWeatherController.swift */ = {isa = PBXFileReference; lastKnownFileType = sourcecode.swift; path = ForecastWeatherController.swift; sourceTree = "<group>"; };
/* End PBXFileReference section */

/* Begin PBXFrameworksBuildPhase section */
		84D2179D281BD6A000D32F52 /* Frameworks */ = {
			isa = PBXFrameworksBuildPhase;
			buildActionMask = 2147483647;
			files = (
			);
			runOnlyForDeploymentPostprocessing = 0;
		};
/* End PBXFrameworksBuildPhase section */

/* Begin PBXGroup section */
		8462B26D288168A000920CF9 /* ViewControllers */ = {
			isa = PBXGroup;
			children = (
				84711A7028857C8800A42A49 /* TodayWeather */,
				84E4DAC928888C9A00512070 /* ForecastWeather */,
				84D217BA281BF39700D32F52 /* ForecastVC.swift */,
				8494BB342859BF0200719CA6 /* TableViewCells */,
			);
			path = ViewControllers;
			sourceTree = "<group>";
		};
		8462B26E288168FB00920CF9 /* Desing */ = {
			isa = PBXGroup;
			children = (
				84D217AE281BD6A500D32F52 /* LaunchScreen.storyboard */,
				84D217A9281BD6A100D32F52 /* Main.storyboard */,
				84D217AC281BD6A500D32F52 /* Assets.xcassets */,
			);
			path = Desing;
			sourceTree = "<group>";
		};
		846B7094281C33E100986DC1 /* Helpers */ = {
			isa = PBXGroup;
			children = (
				846B7095281C341E00986DC1 /* DashBorderExtansionUIView.swift */,
				84711A7728857F4C00A42A49 /* ActivityView.swift */,
				84711A792885800A00A42A49 /* AlertLoadingView.xib */,
				84711A7B2885808000A42A49 /* ExtensionsUIView.swift */,
				8415830C2886AD2B00849140 /* Utility.swift */,
			);
			path = Helpers;
			sourceTree = "<group>";
		};
		84711A7028857C8800A42A49 /* TodayWeather */ = {
			isa = PBXGroup;
			children = (
				84711A7128857CAC00A42A49 /* TodayWeatherModel.swift */,
				84711A7328857CC000A42A49 /* TodayWeatherView.swift */,
				84711A7528857CD000A42A49 /* TodayWeatherController.swift */,
			);
			path = TodayWeather;
			sourceTree = "<group>";
		};
		84945AD4285E29110027772D /* Service */ = {
			isa = PBXGroup;
			children = (
				84945AD5285E296F0027772D /* NetworkManager.swift */,
			);
			path = Service;
			sourceTree = "<group>";
		};
		8494BB342859BF0200719CA6 /* TableViewCells */ = {
			isa = PBXGroup;
			children = (
				8494BB352859BF3A00719CA6 /* ForecastTableViewCell.swift */,
			);
			path = TableViewCells;
			sourceTree = "<group>";
		};
		8494BB372859C0DB00719CA6 /* Model */ = {
			isa = PBXGroup;
			children = (
				8494BB382859C0F900719CA6 /* ModelWeather.swift */,
			);
			path = Model;
			sourceTree = "<group>";
		};
		84D21797281BD6A000D32F52 = {
			isa = PBXGroup;
			children = (
				84D217A2281BD6A000D32F52 /* WeatherTestApp */,
				84D217A1281BD6A000D32F52 /* Products */,
			);
			sourceTree = "<group>";
		};
		84D217A1281BD6A000D32F52 /* Products */ = {
			isa = PBXGroup;
			children = (
				84D217A0281BD6A000D32F52 /* WeatherTestApp.app */,
			);
			name = Products;
			sourceTree = "<group>";
		};
		84D217A2281BD6A000D32F52 /* WeatherTestApp */ = {
			isa = PBXGroup;
			children = (
				84D217B7281BF12D00D32F52 /* App */,
				8462B26D288168A000920CF9 /* ViewControllers */,
				84945AD4285E29110027772D /* Service */,
				8494BB372859C0DB00719CA6 /* Model */,
				846B7094281C33E100986DC1 /* Helpers */,
				8462B26E288168FB00920CF9 /* Desing */,
				84D217B1281BD6A500D32F52 /* Info.plist */,
			);
			path = WeatherTestApp;
			sourceTree = "<group>";
		};
		84D217B7281BF12D00D32F52 /* App */ = {
			isa = PBXGroup;
			children = (
				84D217A5281BD6A000D32F52 /* SceneDelegate.swift */,
				84D217A3281BD6A000D32F52 /* AppDelegate.swift */,
			);
			path = App;
			sourceTree = "<group>";
		};
		84E4DAC928888C9A00512070 /* ForecastWeather */ = {
			isa = PBXGroup;
			children = (
				84E4DACA28888CE000512070 /* ForecastWeatherModel.swift */,
				84E4DACC28888D0100512070 /* ForecastWeatherView.swift */,
				84E4DACE28888D2500512070 /* ForecastWeatherController.swift */,
			);
			path = ForecastWeather;
			sourceTree = "<group>";
		};
/* End PBXGroup section */

/* Begin PBXNativeTarget section */
		84D2179F281BD6A000D32F52 /* WeatherTestApp */ = {
			isa = PBXNativeTarget;
			buildConfigurationList = 84D217B4281BD6A500D32F52 /* Build configuration list for PBXNativeTarget "WeatherTestApp" */;
			buildPhases = (
				84D2179C281BD6A000D32F52 /* Sources */,
				84D2179D281BD6A000D32F52 /* Frameworks */,
				84D2179E281BD6A000D32F52 /* Resources */,
			);
			buildRules = (
			);
			dependencies = (
			);
			name = WeatherTestApp;
			productName = WeatherTestApp;
			productReference = 84D217A0281BD6A000D32F52 /* WeatherTestApp.app */;
			productType = "com.apple.product-type.application";
		};
/* End PBXNativeTarget section */

/* Begin PBXProject section */
		84D21798281BD6A000D32F52 /* Project object */ = {
			isa = PBXProject;
			attributes = {
				BuildIndependentTargetsInParallel = 1;
				LastSwiftUpdateCheck = 1300;
				LastUpgradeCheck = 1300;
				TargetAttributes = {
					84D2179F281BD6A000D32F52 = {
						CreatedOnToolsVersion = 13.0;
					};
				};
			};
			buildConfigurationList = 84D2179B281BD6A000D32F52 /* Build configuration list for PBXProject "WeatherTestApp" */;
			compatibilityVersion = "Xcode 13.0";
			developmentRegion = en;
			hasScannedForEncodings = 0;
			knownRegions = (
				en,
				Base,
			);
			mainGroup = 84D21797281BD6A000D32F52;
			productRefGroup = 84D217A1281BD6A000D32F52 /* Products */;
			projectDirPath = "";
			projectRoot = "";
			targets = (
				84D2179F281BD6A000D32F52 /* WeatherTestApp */,
			);
		};
/* End PBXProject section */

/* Begin PBXResourcesBuildPhase section */
		84D2179E281BD6A000D32F52 /* Resources */ = {
			isa = PBXResourcesBuildPhase;
			buildActionMask = 2147483647;
			files = (
				84D217B0281BD6A500D32F52 /* LaunchScreen.storyboard in Resources */,
				84D217AD281BD6A500D32F52 /* Assets.xcassets in Resources */,
				84711A7A2885800A00A42A49 /* AlertLoadingView.xib in Resources */,
				84D217AB281BD6A100D32F52 /* Main.storyboard in Resources */,
			);
			runOnlyForDeploymentPostprocessing = 0;
		};
/* End PBXResourcesBuildPhase section */

/* Begin PBXSourcesBuildPhase section */
		84D2179C281BD6A000D32F52 /* Sources */ = {
			isa = PBXSourcesBuildPhase;
			buildActionMask = 2147483647;
			files = (
				846B7096281C341E00986DC1 /* DashBorderExtansionUIView.swift in Sources */,
				84D217A4281BD6A000D32F52 /* AppDelegate.swift in Sources */,
				84711A7628857CD000A42A49 /* TodayWeatherController.swift in Sources */,
				84711A7C2885808000A42A49 /* ExtensionsUIView.swift in Sources */,
				8415830D2886AD2C00849140 /* Utility.swift in Sources */,
				84E4DACF28888D2500512070 /* ForecastWeatherController.swift in Sources */,
				84E4DACB28888CE000512070 /* ForecastWeatherModel.swift in Sources */,
				84711A7228857CAC00A42A49 /* TodayWeatherModel.swift in Sources */,
				84E4DACD28888D0100512070 /* ForecastWeatherView.swift in Sources */,
				84711A7428857CC000A42A49 /* TodayWeatherView.swift in Sources */,
				8494BB362859BF3A00719CA6 /* ForecastTableViewCell.swift in Sources */,
				84945AD6285E296F0027772D /* NetworkManager.swift in Sources */,
				84D217A6281BD6A000D32F52 /* SceneDelegate.swift in Sources */,
				8494BB392859C0F900719CA6 /* ModelWeather.swift in Sources */,
				84711A7828857F4C00A42A49 /* ActivityView.swift in Sources */,
				84D217BB281BF39700D32F52 /* ForecastVC.swift in Sources */,
			);
			runOnlyForDeploymentPostprocessing = 0;
		};
/* End PBXSourcesBuildPhase section */

/* Begin PBXVariantGroup section */
		84D217A9281BD6A100D32F52 /* Main.storyboard */ = {
			isa = PBXVariantGroup;
			children = (
				84D217AA281BD6A100D32F52 /* Base */,
			);
			name = Main.storyboard;
			sourceTree = "<group>";
		};
		84D217AE281BD6A500D32F52 /* LaunchScreen.storyboard */ = {
			isa = PBXVariantGroup;
			children = (
				84D217AF281BD6A500D32F52 /* Base */,
			);
			name = LaunchScreen.storyboard;
			sourceTree = "<group>";
		};
/* End PBXVariantGroup section */

/* Begin XCBuildConfiguration section */
		84D217B2281BD6A500D32F52 /* Debug */ = {
			isa = XCBuildConfiguration;
			buildSettings = {
				ALWAYS_SEARCH_USER_PATHS = NO;
				CLANG_ANALYZER_NONNULL = YES;
				CLANG_ANALYZER_NUMBER_OBJECT_CONVERSION = YES_AGGRESSIVE;
				CLANG_CXX_LANGUAGE_STANDARD = "gnu++17";
				CLANG_CXX_LIBRARY = "libc++";
				CLANG_ENABLE_MODULES = YES;
				CLANG_ENABLE_OBJC_ARC = YES;
				CLANG_ENABLE_OBJC_WEAK = YES;
				CLANG_WARN_BLOCK_CAPTURE_AUTORELEASING = YES;
				CLANG_WARN_BOOL_CONVERSION = YES;
				CLANG_WARN_COMMA = YES;
				CLANG_WARN_CONSTANT_CONVERSION = YES;
				CLANG_WARN_DEPRECATED_OBJC_IMPLEMENTATIONS = YES;
				CLANG_WARN_DIRECT_OBJC_ISA_USAGE = YES_ERROR;
				CLANG_WARN_DOCUMENTATION_COMMENTS = YES;
				CLANG_WARN_EMPTY_BODY = YES;
				CLANG_WARN_ENUM_CONVERSION = YES;
				CLANG_WARN_INFINITE_RECURSION = YES;
				CLANG_WARN_INT_CONVERSION = YES;
				CLANG_WARN_NON_LITERAL_NULL_CONVERSION = YES;
				CLANG_WARN_OBJC_IMPLICIT_RETAIN_SELF = YES;
				CLANG_WARN_OBJC_LITERAL_CONVERSION = YES;
				CLANG_WARN_OBJC_ROOT_CLASS = YES_ERROR;
				CLANG_WARN_QUOTED_INCLUDE_IN_FRAMEWORK_HEADER = YES;
				CLANG_WARN_RANGE_LOOP_ANALYSIS = YES;
				CLANG_WARN_STRICT_PROTOTYPES = YES;
				CLANG_WARN_SUSPICIOUS_MOVE = YES;
				CLANG_WARN_UNGUARDED_AVAILABILITY = YES_AGGRESSIVE;
				CLANG_WARN_UNREACHABLE_CODE = YES;
				CLANG_WARN__DUPLICATE_METHOD_MATCH = YES;
				COPY_PHASE_STRIP = NO;
				DEBUG_INFORMATION_FORMAT = dwarf;
				ENABLE_STRICT_OBJC_MSGSEND = YES;
				ENABLE_TESTABILITY = YES;
				GCC_C_LANGUAGE_STANDARD = gnu11;
				GCC_DYNAMIC_NO_PIC = NO;
				GCC_NO_COMMON_BLOCKS = YES;
				GCC_OPTIMIZATION_LEVEL = 0;
				GCC_PREPROCESSOR_DEFINITIONS = (
					"DEBUG=1",
					"$(inherited)",
				);
				GCC_WARN_64_TO_32_BIT_CONVERSION = YES;
				GCC_WARN_ABOUT_RETURN_TYPE = YES_ERROR;
				GCC_WARN_UNDECLARED_SELECTOR = YES;
				GCC_WARN_UNINITIALIZED_AUTOS = YES_AGGRESSIVE;
				GCC_WARN_UNUSED_FUNCTION = YES;
				GCC_WARN_UNUSED_VARIABLE = YES;
				IPHONEOS_DEPLOYMENT_TARGET = 14.7;
				MTL_ENABLE_DEBUG_INFO = INCLUDE_SOURCE;
				MTL_FAST_MATH = YES;
				ONLY_ACTIVE_ARCH = YES;
				SDKROOT = iphoneos;
				SWIFT_ACTIVE_COMPILATION_CONDITIONS = DEBUG;
				SWIFT_OPTIMIZATION_LEVEL = "-Onone";
			};
			name = Debug;
		};
		84D217B3281BD6A500D32F52 /* Release */ = {
			isa = XCBuildConfiguration;
			buildSettings = {
				ALWAYS_SEARCH_USER_PATHS = NO;
				CLANG_ANALYZER_NONNULL = YES;
				CLANG_ANALYZER_NUMBER_OBJECT_CONVERSION = YES_AGGRESSIVE;
				CLANG_CXX_LANGUAGE_STANDARD = "gnu++17";
				CLANG_CXX_LIBRARY = "libc++";
				CLANG_ENABLE_MODULES = YES;
				CLANG_ENABLE_OBJC_ARC = YES;
				CLANG_ENABLE_OBJC_WEAK = YES;
				CLANG_WARN_BLOCK_CAPTURE_AUTORELEASING = YES;
				CLANG_WARN_BOOL_CONVERSION = YES;
				CLANG_WARN_COMMA = YES;
				CLANG_WARN_CONSTANT_CONVERSION = YES;
				CLANG_WARN_DEPRECATED_OBJC_IMPLEMENTATIONS = YES;
				CLANG_WARN_DIRECT_OBJC_ISA_USAGE = YES_ERROR;
				CLANG_WARN_DOCUMENTATION_COMMENTS = YES;
				CLANG_WARN_EMPTY_BODY = YES;
				CLANG_WARN_ENUM_CONVERSION = YES;
				CLANG_WARN_INFINITE_RECURSION = YES;
				CLANG_WARN_INT_CONVERSION = YES;
				CLANG_WARN_NON_LITERAL_NULL_CONVERSION = YES;
				CLANG_WARN_OBJC_IMPLICIT_RETAIN_SELF = YES;
				CLANG_WARN_OBJC_LITERAL_CONVERSION = YES;
				CLANG_WARN_OBJC_ROOT_CLASS = YES_ERROR;
				CLANG_WARN_QUOTED_INCLUDE_IN_FRAMEWORK_HEADER = YES;
				CLANG_WARN_RANGE_LOOP_ANALYSIS = YES;
				CLANG_WARN_STRICT_PROTOTYPES = YES;
				CLANG_WARN_SUSPICIOUS_MOVE = YES;
				CLANG_WARN_UNGUARDED_AVAILABILITY = YES_AGGRESSIVE;
				CLANG_WARN_UNREACHABLE_CODE = YES;
				CLANG_WARN__DUPLICATE_METHOD_MATCH = YES;
				COPY_PHASE_STRIP = NO;
				DEBUG_INFORMATION_FORMAT = "dwarf-with-dsym";
				ENABLE_NS_ASSERTIONS = NO;
				ENABLE_STRICT_OBJC_MSGSEND = YES;
				GCC_C_LANGUAGE_STANDARD = gnu11;
				GCC_NO_COMMON_BLOCKS = YES;
				GCC_WARN_64_TO_32_BIT_CONVERSION = YES;
				GCC_WARN_ABOUT_RETURN_TYPE = YES_ERROR;
				GCC_WARN_UNDECLARED_SELECTOR = YES;
				GCC_WARN_UNINITIALIZED_AUTOS = YES_AGGRESSIVE;
				GCC_WARN_UNUSED_FUNCTION = YES;
				GCC_WARN_UNUSED_VARIABLE = YES;
				IPHONEOS_DEPLOYMENT_TARGET = 14.7;
				MTL_ENABLE_DEBUG_INFO = NO;
				MTL_FAST_MATH = YES;
				SDKROOT = iphoneos;
				SWIFT_COMPILATION_MODE = wholemodule;
				SWIFT_OPTIMIZATION_LEVEL = "-O";
				VALIDATE_PRODUCT = YES;
			};
			name = Release;
		};
		84D217B5281BD6A500D32F52 /* Debug */ = {
			isa = XCBuildConfiguration;
			buildSettings = {
				ASSETCATALOG_COMPILER_APPICON_NAME = AppIcon;
				ASSETCATALOG_COMPILER_GLOBAL_ACCENT_COLOR_NAME = AccentColor;
				CODE_SIGN_STYLE = Automatic;
				CURRENT_PROJECT_VERSION = 1;
				DEVELOPMENT_TEAM = 62X872V5SM;
				GENERATE_INFOPLIST_FILE = YES;
				INFOPLIST_FILE = WeatherTestApp/Info.plist;
				INFOPLIST_KEY_UIApplicationSupportsIndirectInputEvents = YES;
				INFOPLIST_KEY_UILaunchStoryboardName = LaunchScreen;
				INFOPLIST_KEY_UIMainStoryboardFile = Main;
				INFOPLIST_KEY_UISupportedInterfaceOrientations_iPad = "UIInterfaceOrientationPortrait UIInterfaceOrientationPortraitUpsideDown UIInterfaceOrientationLandscapeLeft UIInterfaceOrientationLandscapeRight";
				INFOPLIST_KEY_UISupportedInterfaceOrientations_iPhone = "UIInterfaceOrientationPortrait UIInterfaceOrientationPortrait UIInterfaceOrientationLandscapeLeft UIInterfaceOrientationLandscapeRight";
				IPHONEOS_DEPLOYMENT_TARGET = 13.0;
				LD_RUNPATH_SEARCH_PATHS = (
					"$(inherited)",
					"@executable_path/Frameworks",
				);
				MARKETING_VERSION = 1.0;
				PRODUCT_BUNDLE_IDENTIFIER = VP.WeatherTestApp;
				PRODUCT_NAME = "$(TARGET_NAME)";
				SWIFT_EMIT_LOC_STRINGS = YES;
				SWIFT_VERSION = 5.0;
				TARGETED_DEVICE_FAMILY = "1,2";
			};
			name = Debug;
		};
		84D217B6281BD6A500D32F52 /* Release */ = {
			isa = XCBuildConfiguration;
			buildSettings = {
				ASSETCATALOG_COMPILER_APPICON_NAME = AppIcon;
				ASSETCATALOG_COMPILER_GLOBAL_ACCENT_COLOR_NAME = AccentColor;
				CODE_SIGN_STYLE = Automatic;
				CURRENT_PROJECT_VERSION = 1;
				DEVELOPMENT_TEAM = 62X872V5SM;
				GENERATE_INFOPLIST_FILE = YES;
				INFOPLIST_FILE = WeatherTestApp/Info.plist;
				INFOPLIST_KEY_UIApplicationSupportsIndirectInputEvents = YES;
				INFOPLIST_KEY_UILaunchStoryboardName = LaunchScreen;
				INFOPLIST_KEY_UIMainStoryboardFile = Main;
				INFOPLIST_KEY_UISupportedInterfaceOrientations_iPad = "UIInterfaceOrientationPortrait UIInterfaceOrientationPortraitUpsideDown UIInterfaceOrientationLandscapeLeft UIInterfaceOrientationLandscapeRight";
				INFOPLIST_KEY_UISupportedInterfaceOrientations_iPhone = "UIInterfaceOrientationPortrait UIInterfaceOrientationPortrait UIInterfaceOrientationLandscapeLeft UIInterfaceOrientationLandscapeRight";
				IPHONEOS_DEPLOYMENT_TARGET = 13.0;
				LD_RUNPATH_SEARCH_PATHS = (
					"$(inherited)",
					"@executable_path/Frameworks",
				);
				MARKETING_VERSION = 1.0;
				PRODUCT_BUNDLE_IDENTIFIER = VP.WeatherTestApp;
				PRODUCT_NAME = "$(TARGET_NAME)";
				SWIFT_EMIT_LOC_STRINGS = YES;
				SWIFT_VERSION = 5.0;
				TARGETED_DEVICE_FAMILY = "1,2";
			};
			name = Release;
		};
/* End XCBuildConfiguration section */

/* Begin XCConfigurationList section */
		84D2179B281BD6A000D32F52 /* Build configuration list for PBXProject "WeatherTestApp" */ = {
			isa = XCConfigurationList;
			buildConfigurations = (
				84D217B2281BD6A500D32F52 /* Debug */,
				84D217B3281BD6A500D32F52 /* Release */,
			);
			defaultConfigurationIsVisible = 0;
			defaultConfigurationName = Release;
		};
		84D217B4281BD6A500D32F52 /* Build configuration list for PBXNativeTarget "WeatherTestApp" */ = {
			isa = XCConfigurationList;
			buildConfigurations = (
				84D217B5281BD6A500D32F52 /* Debug */,
				84D217B6281BD6A500D32F52 /* Release */,
			);
			defaultConfigurationIsVisible = 0;
			defaultConfigurationName = Release;
		};
/* End XCConfigurationList section */
	};
	rootObject = 84D21798281BD6A000D32F52 /* Project object */;
}
